{
  "name": "create-kdna-web-app",
  "version": "0.1.1",
  "lockfileVersion": 3,
  "requires": true,
  "packages": {
    "": {
      "name": "create-kdna-web-app",
      "version": "0.1.1",
      "license": "Apache-2.0",
      "bin": {
        "create-kdna-web-app": "bin/create-kdna-web-app.js"
      },
      "engines": {
        "node": ">=18"
      }
    }
  }
}
